// !$*UTF8*$!
{
	archiveVersion = 1;
	classes = {
	};
	objectVersion = 55;
	objects = {

/* Begin PBXBuildFile section */
		45E31D977732A2F59B751AA5 /* Pods_Siniar.framework in Frameworks */ = {isa = PBXBuildFile; fileRef = 92A2223E7C50E6AB9ABC7ACB /* Pods_Siniar.framework */; };
		D198DADB5D2A8EF47083FC41 /* Pods_Siniar_SiniarUITests.framework in Frameworks */ = {isa = PBXBuildFile; fileRef = A0140311B04B9730FFBD4F26 /* Pods_Siniar_SiniarUITests.framework */; };
		EDD135FE950F9FBBED557529 /* Pods_SiniarTests.framework in Frameworks */ = {isa = PBXBuildFile; fileRef = 5CEB4366CAFAACA1908AC182 /* Pods_SiniarTests.framework */; };
		F43AED6629D758B40028DCC8 /* Ftux.swift in Sources */ = {isa = PBXBuildFile; fileRef = F43AED6529D758B40028DCC8 /* Ftux.swift */; };
		F43AED6929D75A870028DCC8 /* MainViewController.swift in Sources */ = {isa = PBXBuildFile; fileRef = F43AED6829D75A870028DCC8 /* MainViewController.swift */; };
		F43AED6C29D75C980028DCC8 /* HomeViewController.swift in Sources */ = {isa = PBXBuildFile; fileRef = F43AED6B29D75C980028DCC8 /* HomeViewController.swift */; };
		F43AED7029D75CD30028DCC8 /* SearchViewController.swift in Sources */ = {isa = PBXBuildFile; fileRef = F43AED6F29D75CD30028DCC8 /* SearchViewController.swift */; };
		F43AED7329D75D000028DCC8 /* AccountViewController.swift in Sources */ = {isa = PBXBuildFile; fileRef = F43AED7229D75D000028DCC8 /* AccountViewController.swift */; };
		F43AED7529D764250028DCC8 /* AlbumsViewCell.swift in Sources */ = {isa = PBXBuildFile; fileRef = F43AED7429D764250028DCC8 /* AlbumsViewCell.swift */; };
		F43AED7729D766460028DCC8 /* AlbumViewCell.swift in Sources */ = {isa = PBXBuildFile; fileRef = F43AED7629D766460028DCC8 /* AlbumViewCell.swift */; };
		F457E8E129D809C200521EBC /* MusicViewCell.swift in Sources */ = {isa = PBXBuildFile; fileRef = F457E8E029D809C200521EBC /* MusicViewCell.swift */; };
		F46768BE29D600DC0034F6F3 /* AppDelegate.swift in Sources */ = {isa = PBXBuildFile; fileRef = F46768BD29D600DC0034F6F3 /* AppDelegate.swift */; };
		F46768C029D600DC0034F6F3 /* SceneDelegate.swift in Sources */ = {isa = PBXBuildFile; fileRef = F46768BF29D600DC0034F6F3 /* SceneDelegate.swift */; };
		F46768C829D600DC0034F6F3 /* Siniar.xcdatamodeld in Sources */ = {isa = PBXBuildFile; fileRef = F46768C629D600DC0034F6F3 /* Siniar.xcdatamodeld */; };
		F46768CA29D600DF0034F6F3 /* Assets.xcassets in Resources */ = {isa = PBXBuildFile; fileRef = F46768C929D600DF0034F6F3 /* Assets.xcassets */; };
		F46768CD29D600DF0034F6F3 /* LaunchScreen.storyboard in Resources */ = {isa = PBXBuildFile; fileRef = F46768CB29D600DF0034F6F3 /* LaunchScreen.storyboard */; };
		F46768D829D600DF0034F6F3 /* SiniarTests.swift in Sources */ = {isa = PBXBuildFile; fileRef = F46768D729D600DF0034F6F3 /* SiniarTests.swift */; };
		F46768E229D600DF0034F6F3 /* SiniarUITests.swift in Sources */ = {isa = PBXBuildFile; fileRef = F46768E129D600DF0034F6F3 /* SiniarUITests.swift */; };
		F46768E429D600DF0034F6F3 /* SiniarUITestsLaunchTests.swift in Sources */ = {isa = PBXBuildFile; fileRef = F46768E329D600DF0034F6F3 /* SiniarUITestsLaunchTests.swift */; };
		F46768F429D6025C0034F6F3 /* FtuxViewController.swift in Sources */ = {isa = PBXBuildFile; fileRef = F46768F329D6025C0034F6F3 /* FtuxViewController.swift */; };
		F46768F729D609240034F6F3 /* ColorExtensions.swift in Sources */ = {isa = PBXBuildFile; fileRef = F46768F629D609240034F6F3 /* ColorExtensions.swift */; };
		F46768FA29D60B830034F6F3 /* PrimaryButton.swift in Sources */ = {isa = PBXBuildFile; fileRef = F46768F929D60B830034F6F3 /* PrimaryButton.swift */; };
		F46768FC29D60D050034F6F3 /* SmallPrimaryButton.swift in Sources */ = {isa = PBXBuildFile; fileRef = F46768FB29D60D050034F6F3 /* SmallPrimaryButton.swift */; };
		F46768FE29D6144A0034F6F3 /* FtuxViewCell.swift in Sources */ = {isa = PBXBuildFile; fileRef = F46768FD29D6144A0034F6F3 /* FtuxViewCell.swift */; };
		F4C2B4C729DC9FAD0064736A /* PodcastViewController.swift in Sources */ = {isa = PBXBuildFile; fileRef = F4C2B4C629DC9FAD0064736A /* PodcastViewController.swift */; };
		F4C2B4C929DCA47A0064736A /* PodcastDetailViewCell.swift in Sources */ = {isa = PBXBuildFile; fileRef = F4C2B4C829DCA47A0064736A /* PodcastDetailViewCell.swift */; };
		F4C2B4CB29DCADD90064736A /* EpisodeViewCell.swift in Sources */ = {isa = PBXBuildFile; fileRef = F4C2B4CA29DCADD90064736A /* EpisodeViewCell.swift */; };
		F4C2B4CD29DCB83D0064736A /* DateExtensions.swift in Sources */ = {isa = PBXBuildFile; fileRef = F4C2B4CC29DCB83D0064736A /* DateExtensions.swift */; };
		F4C2B4CF29DCB95A0064736A /* DoubleExtensions.swift in Sources */ = {isa = PBXBuildFile; fileRef = F4C2B4CE29DCB95A0064736A /* DoubleExtensions.swift */; };
		F4C2B4D129DCBA3E0064736A /* StringExtensions.swift in Sources */ = {isa = PBXBuildFile; fileRef = F4C2B4D029DCBA3E0064736A /* StringExtensions.swift */; };
		F4D0946B29D9E3730081B683 /* Api.swift in Sources */ = {isa = PBXBuildFile; fileRef = F4D0946A29D9E3730081B683 /* Api.swift */; };
		F4D0946D29D9E5EC0081B683 /* ApiProvider.swift in Sources */ = {isa = PBXBuildFile; fileRef = F4D0946C29D9E5EC0081B683 /* ApiProvider.swift */; };
		F4D0946F29D9E89B0081B683 /* SearchResponse.swift in Sources */ = {isa = PBXBuildFile; fileRef = F4D0946E29D9E89B0081B683 /* SearchResponse.swift */; };
		F4D0947129D9E8E90081B683 /* Podcast.swift in Sources */ = {isa = PBXBuildFile; fileRef = F4D0947029D9E8E90081B683 /* Podcast.swift */; };
		F4D0947329D9F21A0081B683 /* MoyaExtensions.swift in Sources */ = {isa = PBXBuildFile; fileRef = F4D0947229D9F21A0081B683 /* MoyaExtensions.swift */; };
		F4D0947529D9F36A0081B683 /* ErrorResponse.swift in Sources */ = {isa = PBXBuildFile; fileRef = F4D0947429D9F36A0081B683 /* ErrorResponse.swift */; };
/* End PBXBuildFile section */

/* Begin PBXContainerItemProxy section */
		F46768D429D600DF0034F6F3 /* PBXContainerItemProxy */ = {
			isa = PBXContainerItemProxy;
			containerPortal = F46768B229D600DB0034F6F3 /* Project object */;
			proxyType = 1;
			remoteGlobalIDString = F46768B929D600DC0034F6F3;
			remoteInfo = Siniar;
		};
		F46768DE29D600DF0034F6F3 /* PBXContainerItemProxy */ = {
			isa = PBXContainerItemProxy;
			containerPortal = F46768B229D600DB0034F6F3 /* Project object */;
			proxyType = 1;
			remoteGlobalIDString = F46768B929D600DC0034F6F3;
			remoteInfo = Siniar;
		};
/* End PBXContainerItemProxy section */

/* Begin PBXFileReference section */
		2F8FBF4AE7352CD9A6FF1F41 /* Pods-SiniarTests.release.xcconfig */ = {isa = PBXFileReference; includeInIndex = 1; lastKnownFileType = text.xcconfig; name = "Pods-SiniarTests.release.xcconfig"; path = "Target Support Files/Pods-SiniarTests/Pods-SiniarTests.release.xcconfig"; sourceTree = "<group>"; };
		4688606D8545CB91DE18198F /* Pods-Siniar.debug.xcconfig */ = {isa = PBXFileReference; includeInIndex = 1; lastKnownFileType = text.xcconfig; name = "Pods-Siniar.debug.xcconfig"; path = "Target Support Files/Pods-Siniar/Pods-Siniar.debug.xcconfig"; sourceTree = "<group>"; };
		5CEB4366CAFAACA1908AC182 /* Pods_SiniarTests.framework */ = {isa = PBXFileReference; explicitFileType = wrapper.framework; includeInIndex = 0; path = Pods_SiniarTests.framework; sourceTree = BUILT_PRODUCTS_DIR; };
		92A2223E7C50E6AB9ABC7ACB /* Pods_Siniar.framework */ = {isa = PBXFileReference; explicitFileType = wrapper.framework; includeInIndex = 0; path = Pods_Siniar.framework; sourceTree = BUILT_PRODUCTS_DIR; };
		9AC37CA5E1C27DCAA3CA756E /* Pods-Siniar.release.xcconfig */ = {isa = PBXFileReference; includeInIndex = 1; lastKnownFileType = text.xcconfig; name = "Pods-Siniar.release.xcconfig"; path = "Target Support Files/Pods-Siniar/Pods-Siniar.release.xcconfig"; sourceTree = "<group>"; };
		A0140311B04B9730FFBD4F26 /* Pods_Siniar_SiniarUITests.framework */ = {isa = PBXFileReference; explicitFileType = wrapper.framework; includeInIndex = 0; path = Pods_Siniar_SiniarUITests.framework; sourceTree = BUILT_PRODUCTS_DIR; };
		AC0FE2987CA65FF6A4760CEA /* Pods-SiniarTests.debug.xcconfig */ = {isa = PBXFileReference; includeInIndex = 1; lastKnownFileType = text.xcconfig; name = "Pods-SiniarTests.debug.xcconfig"; path = "Target Support Files/Pods-SiniarTests/Pods-SiniarTests.debug.xcconfig"; sourceTree = "<group>"; };
		B6F892BE4ACB21DFACE548B5 /* Pods-Siniar-SiniarUITests.debug.xcconfig */ = {isa = PBXFileReference; includeInIndex = 1; lastKnownFileType = text.xcconfig; name = "Pods-Siniar-SiniarUITests.debug.xcconfig"; path = "Target Support Files/Pods-Siniar-SiniarUITests/Pods-Siniar-SiniarUITests.debug.xcconfig"; sourceTree = "<group>"; };
		F43AED6529D758B40028DCC8 /* Ftux.swift */ = {isa = PBXFileReference; lastKnownFileType = sourcecode.swift; path = Ftux.swift; sourceTree = "<group>"; };
		F43AED6829D75A870028DCC8 /* MainViewController.swift */ = {isa = PBXFileReference; lastKnownFileType = sourcecode.swift; path = MainViewController.swift; sourceTree = "<group>"; };
		F43AED6B29D75C980028DCC8 /* HomeViewController.swift */ = {isa = PBXFileReference; lastKnownFileType = sourcecode.swift; path = HomeViewController.swift; sourceTree = "<group>"; };
		F43AED6F29D75CD30028DCC8 /* SearchViewController.swift */ = {isa = PBXFileReference; lastKnownFileType = sourcecode.swift; path = SearchViewController.swift; sourceTree = "<group>"; };
		F43AED7229D75D000028DCC8 /* AccountViewController.swift */ = {isa = PBXFileReference; lastKnownFileType = sourcecode.swift; path = AccountViewController.swift; sourceTree = "<group>"; };
		F43AED7429D764250028DCC8 /* AlbumsViewCell.swift */ = {isa = PBXFileReference; lastKnownFileType = sourcecode.swift; path = AlbumsViewCell.swift; sourceTree = "<group>"; };
		F43AED7629D766460028DCC8 /* AlbumViewCell.swift */ = {isa = PBXFileReference; lastKnownFileType = sourcecode.swift; path = AlbumViewCell.swift; sourceTree = "<group>"; };
		F457E8E029D809C200521EBC /* MusicViewCell.swift */ = {isa = PBXFileReference; lastKnownFileType = sourcecode.swift; path = MusicViewCell.swift; sourceTree = "<group>"; };
		F46768BA29D600DC0034F6F3 /* Siniar.app */ = {isa = PBXFileReference; explicitFileType = wrapper.application; includeInIndex = 0; path = Siniar.app; sourceTree = BUILT_PRODUCTS_DIR; };
		F46768BD29D600DC0034F6F3 /* AppDelegate.swift */ = {isa = PBXFileReference; lastKnownFileType = sourcecode.swift; path = AppDelegate.swift; sourceTree = "<group>"; };
		F46768BF29D600DC0034F6F3 /* SceneDelegate.swift */ = {isa = PBXFileReference; lastKnownFileType = sourcecode.swift; path = SceneDelegate.swift; sourceTree = "<group>"; };
		F46768C729D600DC0034F6F3 /* Siniar.xcdatamodel */ = {isa = PBXFileReference; lastKnownFileType = wrapper.xcdatamodel; path = Siniar.xcdatamodel; sourceTree = "<group>"; };
		F46768C929D600DF0034F6F3 /* Assets.xcassets */ = {isa = PBXFileReference; lastKnownFileType = folder.assetcatalog; path = Assets.xcassets; sourceTree = "<group>"; };
		F46768CC29D600DF0034F6F3 /* Base */ = {isa = PBXFileReference; lastKnownFileType = file.storyboard; name = Base; path = Base.lproj/LaunchScreen.storyboard; sourceTree = "<group>"; };
		F46768CE29D600DF0034F6F3 /* Info.plist */ = {isa = PBXFileReference; lastKnownFileType = text.plist.xml; path = Info.plist; sourceTree = "<group>"; };
		F46768D329D600DF0034F6F3 /* SiniarTests.xctest */ = {isa = PBXFileReference; explicitFileType = wrapper.cfbundle; includeInIndex = 0; path = SiniarTests.xctest; sourceTree = BUILT_PRODUCTS_DIR; };
		F46768D729D600DF0034F6F3 /* SiniarTests.swift */ = {isa = PBXFileReference; lastKnownFileType = sourcecode.swift; path = SiniarTests.swift; sourceTree = "<group>"; };
		F46768DD29D600DF0034F6F3 /* SiniarUITests.xctest */ = {isa = PBXFileReference; explicitFileType = wrapper.cfbundle; includeInIndex = 0; path = SiniarUITests.xctest; sourceTree = BUILT_PRODUCTS_DIR; };
		F46768E129D600DF0034F6F3 /* SiniarUITests.swift */ = {isa = PBXFileReference; lastKnownFileType = sourcecode.swift; path = SiniarUITests.swift; sourceTree = "<group>"; };
		F46768E329D600DF0034F6F3 /* SiniarUITestsLaunchTests.swift */ = {isa = PBXFileReference; lastKnownFileType = sourcecode.swift; path = SiniarUITestsLaunchTests.swift; sourceTree = "<group>"; };
		F46768F329D6025C0034F6F3 /* FtuxViewController.swift */ = {isa = PBXFileReference; lastKnownFileType = sourcecode.swift; path = FtuxViewController.swift; sourceTree = "<group>"; };
		F46768F629D609240034F6F3 /* ColorExtensions.swift */ = {isa = PBXFileReference; lastKnownFileType = sourcecode.swift; path = ColorExtensions.swift; sourceTree = "<group>"; };
		F46768F929D60B830034F6F3 /* PrimaryButton.swift */ = {isa = PBXFileReference; lastKnownFileType = sourcecode.swift; path = PrimaryButton.swift; sourceTree = "<group>"; };
		F46768FB29D60D050034F6F3 /* SmallPrimaryButton.swift */ = {isa = PBXFileReference; lastKnownFileType = sourcecode.swift; path = SmallPrimaryButton.swift; sourceTree = "<group>"; };
		F46768FD29D6144A0034F6F3 /* FtuxViewCell.swift */ = {isa = PBXFileReference; lastKnownFileType = sourcecode.swift; path = FtuxViewCell.swift; sourceTree = "<group>"; };
		F4C2B4C629DC9FAD0064736A /* PodcastViewController.swift */ = {isa = PBXFileReference; lastKnownFileType = sourcecode.swift; path = PodcastViewController.swift; sourceTree = "<group>"; };
		F4C2B4C829DCA47A0064736A /* PodcastDetailViewCell.swift */ = {isa = PBXFileReference; lastKnownFileType = sourcecode.swift; path = PodcastDetailViewCell.swift; sourceTree = "<group>"; };
		F4C2B4CA29DCADD90064736A /* EpisodeViewCell.swift */ = {isa = PBXFileReference; lastKnownFileType = sourcecode.swift; path = EpisodeViewCell.swift; sourceTree = "<group>"; };
		F4C2B4CC29DCB83D0064736A /* DateExtensions.swift */ = {isa = PBXFileReference; lastKnownFileType = sourcecode.swift; path = DateExtensions.swift; sourceTree = "<group>"; };
		F4C2B4CE29DCB95A0064736A /* DoubleExtensions.swift */ = {isa = PBXFileReference; lastKnownFileType = sourcecode.swift; path = DoubleExtensions.swift; sourceTree = "<group>"; };
		F4C2B4D029DCBA3E0064736A /* StringExtensions.swift */ = {isa = PBXFileReference; lastKnownFileType = sourcecode.swift; path = StringExtensions.swift; sourceTree = "<group>"; };
		F4D0946A29D9E3730081B683 /* Api.swift */ = {isa = PBXFileReference; lastKnownFileType = sourcecode.swift; path = Api.swift; sourceTree = "<group>"; };
		F4D0946C29D9E5EC0081B683 /* ApiProvider.swift */ = {isa = PBXFileReference; lastKnownFileType = sourcecode.swift; path = ApiProvider.swift; sourceTree = "<group>"; };
		F4D0946E29D9E89B0081B683 /* SearchResponse.swift */ = {isa = PBXFileReference; lastKnownFileType = sourcecode.swift; path = SearchResponse.swift; sourceTree = "<group>"; };
		F4D0947029D9E8E90081B683 /* Podcast.swift */ = {isa = PBXFileReference; lastKnownFileType = sourcecode.swift; path = Podcast.swift; sourceTree = "<group>"; };
		F4D0947229D9F21A0081B683 /* MoyaExtensions.swift */ = {isa = PBXFileReference; lastKnownFileType = sourcecode.swift; path = MoyaExtensions.swift; sourceTree = "<group>"; };
		F4D0947429D9F36A0081B683 /* ErrorResponse.swift */ = {isa = PBXFileReference; lastKnownFileType = sourcecode.swift; path = ErrorResponse.swift; sourceTree = "<group>"; };
		F830483B42F430908E81E6EE /* Pods-Siniar-SiniarUITests.release.xcconfig */ = {isa = PBXFileReference; includeInIndex = 1; lastKnownFileType = text.xcconfig; name = "Pods-Siniar-SiniarUITests.release.xcconfig"; path = "Target Support Files/Pods-Siniar-SiniarUITests/Pods-Siniar-SiniarUITests.release.xcconfig"; sourceTree = "<group>"; };
/* End PBXFileReference section */

/* Begin PBXFrameworksBuildPhase section */
		F46768B729D600DC0034F6F3 /* Frameworks */ = {
			isa = PBXFrameworksBuildPhase;
			buildActionMask = 2147483647;
			files = (
				45E31D977732A2F59B751AA5 /* Pods_Siniar.framework in Frameworks */,
			);
			runOnlyForDeploymentPostprocessing = 0;
		};
		F46768D029D600DF0034F6F3 /* Frameworks */ = {
			isa = PBXFrameworksBuildPhase;
			buildActionMask = 2147483647;
			files = (
				EDD135FE950F9FBBED557529 /* Pods_SiniarTests.framework in Frameworks */,
			);
			runOnlyForDeploymentPostprocessing = 0;
		};
		F46768DA29D600DF0034F6F3 /* Frameworks */ = {
			isa = PBXFrameworksBuildPhase;
			buildActionMask = 2147483647;
			files = (
				D198DADB5D2A8EF47083FC41 /* Pods_Siniar_SiniarUITests.framework in Frameworks */,
			);
			runOnlyForDeploymentPostprocessing = 0;
		};
/* End PBXFrameworksBuildPhase section */

/* Begin PBXGroup section */
		70DD18EA2E57759CBC5C558E /* Frameworks */ = {
			isa = PBXGroup;
			children = (
				92A2223E7C50E6AB9ABC7ACB /* Pods_Siniar.framework */,
				A0140311B04B9730FFBD4F26 /* Pods_Siniar_SiniarUITests.framework */,
				5CEB4366CAFAACA1908AC182 /* Pods_SiniarTests.framework */,
			);
			name = Frameworks;
			sourceTree = "<group>";
		};
		C2BE6A13AFE74244790C8FD9 /* Pods */ = {
			isa = PBXGroup;
			children = (
				4688606D8545CB91DE18198F /* Pods-Siniar.debug.xcconfig */,
				9AC37CA5E1C27DCAA3CA756E /* Pods-Siniar.release.xcconfig */,
				B6F892BE4ACB21DFACE548B5 /* Pods-Siniar-SiniarUITests.debug.xcconfig */,
				F830483B42F430908E81E6EE /* Pods-Siniar-SiniarUITests.release.xcconfig */,
				AC0FE2987CA65FF6A4760CEA /* Pods-SiniarTests.debug.xcconfig */,
				2F8FBF4AE7352CD9A6FF1F41 /* Pods-SiniarTests.release.xcconfig */,
			);
			path = Pods;
			sourceTree = "<group>";
		};
		F43AED6429D758AA0028DCC8 /* Models */ = {
			isa = PBXGroup;
			children = (
				F43AED6529D758B40028DCC8 /* Ftux.swift */,
				F4D0946E29D9E89B0081B683 /* SearchResponse.swift */,
				F4D0947029D9E8E90081B683 /* Podcast.swift */,
				F4D0947429D9F36A0081B683 /* ErrorResponse.swift */,
			);
			path = Models;
			sourceTree = "<group>";
		};
		F43AED6729D75A6D0028DCC8 /* Main */ = {
			isa = PBXGroup;
			children = (
				F43AED6829D75A870028DCC8 /* MainViewController.swift */,
			);
			path = Main;
			sourceTree = "<group>";
		};
		F43AED6A29D75C880028DCC8 /* Home */ = {
			isa = PBXGroup;
			children = (
				F43AED6B29D75C980028DCC8 /* HomeViewController.swift */,
				F43AED7429D764250028DCC8 /* AlbumsViewCell.swift */,
				F43AED7629D766460028DCC8 /* AlbumViewCell.swift */,
				F457E8E029D809C200521EBC /* MusicViewCell.swift */,
			);
			path = Home;
			sourceTree = "<group>";
		};
		F43AED6D29D75CB80028DCC8 /* Search */ = {
			isa = PBXGroup;
			children = (
				F43AED6F29D75CD30028DCC8 /* SearchViewController.swift */,
				F4C2B4C629DC9FAD0064736A /* PodcastViewController.swift */,
				F4C2B4C829DCA47A0064736A /* PodcastDetailViewCell.swift */,
				F4C2B4CA29DCADD90064736A /* EpisodeViewCell.swift */,
			);
			path = Search;
			sourceTree = "<group>";
		};
		F43AED7129D75CF00028DCC8 /* Account */ = {
			isa = PBXGroup;
			children = (
				F43AED7229D75D000028DCC8 /* AccountViewController.swift */,
			);
			path = Account;
			sourceTree = "<group>";
		};
		F46768B129D600DB0034F6F3 = {
			isa = PBXGroup;
			children = (
				F46768BC29D600DC0034F6F3 /* Siniar */,
				F46768D629D600DF0034F6F3 /* SiniarTests */,
				F46768E029D600DF0034F6F3 /* SiniarUITests */,
				F46768BB29D600DC0034F6F3 /* Products */,
				C2BE6A13AFE74244790C8FD9 /* Pods */,
				70DD18EA2E57759CBC5C558E /* Frameworks */,
			);
			sourceTree = "<group>";
		};
		F46768BB29D600DC0034F6F3 /* Products */ = {
			isa = PBXGroup;
			children = (
				F46768BA29D600DC0034F6F3 /* Siniar.app */,
				F46768D329D600DF0034F6F3 /* SiniarTests.xctest */,
				F46768DD29D600DF0034F6F3 /* SiniarUITests.xctest */,
			);
			name = Products;
			sourceTree = "<group>";
		};
		F46768BC29D600DC0034F6F3 /* Siniar */ = {
			isa = PBXGroup;
			children = (
				F46768F029D602380034F6F3 /* Classes */,
				F46768BD29D600DC0034F6F3 /* AppDelegate.swift */,
				F46768BF29D600DC0034F6F3 /* SceneDelegate.swift */,
				F46768C929D600DF0034F6F3 /* Assets.xcassets */,
				F46768CB29D600DF0034F6F3 /* LaunchScreen.storyboard */,
				F46768CE29D600DF0034F6F3 /* Info.plist */,
				F46768C629D600DC0034F6F3 /* Siniar.xcdatamodeld */,
			);
			path = Siniar;
			sourceTree = "<group>";
		};
		F46768D629D600DF0034F6F3 /* SiniarTests */ = {
			isa = PBXGroup;
			children = (
				F46768D729D600DF0034F6F3 /* SiniarTests.swift */,
			);
			path = SiniarTests;
			sourceTree = "<group>";
		};
		F46768E029D600DF0034F6F3 /* SiniarUITests */ = {
			isa = PBXGroup;
			children = (
				F46768E129D600DF0034F6F3 /* SiniarUITests.swift */,
				F46768E329D600DF0034F6F3 /* SiniarUITestsLaunchTests.swift */,
			);
			path = SiniarUITests;
			sourceTree = "<group>";
		};
		F46768F029D602380034F6F3 /* Classes */ = {
			isa = PBXGroup;
			children = (
				F4D0946929D9E35A0081B683 /* API */,
				F43AED6429D758AA0028DCC8 /* Models */,
				F46768F829D60B650034F6F3 /* Views */,
				F46768F529D609130034F6F3 /* Extensions */,
				F46768F129D602420034F6F3 /* Modules */,
			);
			path = Classes;
			sourceTree = "<group>";
		};
		F46768F129D602420034F6F3 /* Modules */ = {
			isa = PBXGroup;
			children = (
				F43AED7129D75CF00028DCC8 /* Account */,
				F43AED6D29D75CB80028DCC8 /* Search */,
				F43AED6A29D75C880028DCC8 /* Home */,
				F43AED6729D75A6D0028DCC8 /* Main */,
				F46768F229D6024D0034F6F3 /* Ftux */,
			);
			path = Modules;
			sourceTree = "<group>";
		};
		F46768F229D6024D0034F6F3 /* Ftux */ = {
			isa = PBXGroup;
			children = (
				F46768F329D6025C0034F6F3 /* FtuxViewController.swift */,
				F46768FD29D6144A0034F6F3 /* FtuxViewCell.swift */,
			);
			path = Ftux;
			sourceTree = "<group>";
		};
		F46768F529D609130034F6F3 /* Extensions */ = {
			isa = PBXGroup;
			children = (
				F46768F629D609240034F6F3 /* ColorExtensions.swift */,
				F4D0947229D9F21A0081B683 /* MoyaExtensions.swift */,
				F4C2B4CC29DCB83D0064736A /* DateExtensions.swift */,
				F4C2B4CE29DCB95A0064736A /* DoubleExtensions.swift */,
				F4C2B4D029DCBA3E0064736A /* StringExtensions.swift */,
			);
			path = Extensions;
			sourceTree = "<group>";
		};
		F46768F829D60B650034F6F3 /* Views */ = {
			isa = PBXGroup;
			children = (
				F46768F929D60B830034F6F3 /* PrimaryButton.swift */,
				F46768FB29D60D050034F6F3 /* SmallPrimaryButton.swift */,
			);
			path = Views;
			sourceTree = "<group>";
		};
		F4D0946929D9E35A0081B683 /* API */ = {
			isa = PBXGroup;
			children = (
				F4D0946A29D9E3730081B683 /* Api.swift */,
				F4D0946C29D9E5EC0081B683 /* ApiProvider.swift */,
			);
			path = API;
			sourceTree = "<group>";
		};
/* End PBXGroup section */

/* Begin PBXNativeTarget section */
		F46768B929D600DC0034F6F3 /* Siniar */ = {
			isa = PBXNativeTarget;
			buildConfigurationList = F46768E729D600DF0034F6F3 /* Build configuration list for PBXNativeTarget "Siniar" */;
			buildPhases = (
				7F03C0074948557808E475BB /* [CP] Check Pods Manifest.lock */,
				F46768B629D600DC0034F6F3 /* Sources */,
				F46768B729D600DC0034F6F3 /* Frameworks */,
				F46768B829D600DC0034F6F3 /* Resources */,
				35301E9B787E22B5931D4E96 /* [CP] Embed Pods Frameworks */,
			);
			buildRules = (
			);
			dependencies = (
			);
			name = Siniar;
			productName = Siniar;
			productReference = F46768BA29D600DC0034F6F3 /* Siniar.app */;
			productType = "com.apple.product-type.application";
		};
		F46768D229D600DF0034F6F3 /* SiniarTests */ = {
			isa = PBXNativeTarget;
			buildConfigurationList = F46768EA29D600DF0034F6F3 /* Build configuration list for PBXNativeTarget "SiniarTests" */;
			buildPhases = (
				2E7BECE2E23CD5F4E852B2CD /* [CP] Check Pods Manifest.lock */,
				F46768CF29D600DF0034F6F3 /* Sources */,
				F46768D029D600DF0034F6F3 /* Frameworks */,
				F46768D129D600DF0034F6F3 /* Resources */,
			);
			buildRules = (
			);
			dependencies = (
				F46768D529D600DF0034F6F3 /* PBXTargetDependency */,
			);
			name = SiniarTests;
			productName = SiniarTests;
			productReference = F46768D329D600DF0034F6F3 /* SiniarTests.xctest */;
			productType = "com.apple.product-type.bundle.unit-test";
		};
		F46768DC29D600DF0034F6F3 /* SiniarUITests */ = {
			isa = PBXNativeTarget;
			buildConfigurationList = F46768ED29D600DF0034F6F3 /* Build configuration list for PBXNativeTarget "SiniarUITests" */;
			buildPhases = (
				618A52EA656EBB73BB886566 /* [CP] Check Pods Manifest.lock */,
				F46768D929D600DF0034F6F3 /* Sources */,
				F46768DA29D600DF0034F6F3 /* Frameworks */,
				F46768DB29D600DF0034F6F3 /* Resources */,
				AAE47D57B3B5ED15F07F38FA /* [CP] Embed Pods Frameworks */,
			);
			buildRules = (
			);
			dependencies = (
				F46768DF29D600DF0034F6F3 /* PBXTargetDependency */,
			);
			name = SiniarUITests;
			productName = SiniarUITests;
			productReference = F46768DD29D600DF0034F6F3 /* SiniarUITests.xctest */;
			productType = "com.apple.product-type.bundle.ui-testing";
		};
/* End PBXNativeTarget section */

/* Begin PBXProject section */
		F46768B229D600DB0034F6F3 /* Project object */ = {
			isa = PBXProject;
			attributes = {
				BuildIndependentTargetsInParallel = 1;
				LastSwiftUpdateCheck = 1420;
				LastUpgradeCheck = 1420;
				TargetAttributes = {
					F46768B929D600DC0034F6F3 = {
						CreatedOnToolsVersion = 14.2;
					};
					F46768D229D600DF0034F6F3 = {
						CreatedOnToolsVersion = 14.2;
						TestTargetID = F46768B929D600DC0034F6F3;
					};
					F46768DC29D600DF0034F6F3 = {
						CreatedOnToolsVersion = 14.2;
						TestTargetID = F46768B929D600DC0034F6F3;
					};
				};
			};
			buildConfigurationList = F46768B529D600DC0034F6F3 /* Build configuration list for PBXProject "Siniar" */;
			compatibilityVersion = "Xcode 13.0";
			developmentRegion = en;
			hasScannedForEncodings = 0;
			knownRegions = (
				en,
				Base,
			);
			mainGroup = F46768B129D600DB0034F6F3;
			productRefGroup = F46768BB29D600DC0034F6F3 /* Products */;
			projectDirPath = "";
			projectRoot = "";
			targets = (
				F46768B929D600DC0034F6F3 /* Siniar */,
				F46768D229D600DF0034F6F3 /* SiniarTests */,
				F46768DC29D600DF0034F6F3 /* SiniarUITests */,
			);
		};
/* End PBXProject section */

/* Begin PBXResourcesBuildPhase section */
		F46768B829D600DC0034F6F3 /* Resources */ = {
			isa = PBXResourcesBuildPhase;
			buildActionMask = 2147483647;
			files = (
				F46768CD29D600DF0034F6F3 /* LaunchScreen.storyboard in Resources */,
				F46768CA29D600DF0034F6F3 /* Assets.xcassets in Resources */,
			);
			runOnlyForDeploymentPostprocessing = 0;
		};
		F46768D129D600DF0034F6F3 /* Resources */ = {
			isa = PBXResourcesBuildPhase;
			buildActionMask = 2147483647;
			files = (
			);
			runOnlyForDeploymentPostprocessing = 0;
		};
		F46768DB29D600DF0034F6F3 /* Resources */ = {
			isa = PBXResourcesBuildPhase;
			buildActionMask = 2147483647;
			files = (
			);
			runOnlyForDeploymentPostprocessing = 0;
		};
/* End PBXResourcesBuildPhase section */

/* Begin PBXShellScriptBuildPhase section */
		2E7BECE2E23CD5F4E852B2CD /* [CP] Check Pods Manifest.lock */ = {
			isa = PBXShellScriptBuildPhase;
			buildActionMask = 2147483647;
			files = (
			);
			inputFileListPaths = (
			);
			inputPaths = (
				"${PODS_PODFILE_DIR_PATH}/Podfile.lock",
				"${PODS_ROOT}/Manifest.lock",
			);
			name = "[CP] Check Pods Manifest.lock";
			outputFileListPaths = (
			);
			outputPaths = (
				"$(DERIVED_FILE_DIR)/Pods-SiniarTests-checkManifestLockResult.txt",
			);
			runOnlyForDeploymentPostprocessing = 0;
			shellPath = /bin/sh;
			shellScript = "diff \"${PODS_PODFILE_DIR_PATH}/Podfile.lock\" \"${PODS_ROOT}/Manifest.lock\" > /dev/null\nif [ $? != 0 ] ; then\n    # print error to STDERR\n    echo \"error: The sandbox is not in sync with the Podfile.lock. Run 'pod install' or update your CocoaPods installation.\" >&2\n    exit 1\nfi\n# This output is used by Xcode 'outputs' to avoid re-running this script phase.\necho \"SUCCESS\" > \"${SCRIPT_OUTPUT_FILE_0}\"\n";
			showEnvVarsInLog = 0;
		};
		35301E9B787E22B5931D4E96 /* [CP] Embed Pods Frameworks */ = {
			isa = PBXShellScriptBuildPhase;
			buildActionMask = 2147483647;
			files = (
			);
			inputFileListPaths = (
				"${PODS_ROOT}/Target Support Files/Pods-Siniar/Pods-Siniar-frameworks-${CONFIGURATION}-input-files.xcfilelist",
			);
			name = "[CP] Embed Pods Frameworks";
			outputFileListPaths = (
				"${PODS_ROOT}/Target Support Files/Pods-Siniar/Pods-Siniar-frameworks-${CONFIGURATION}-output-files.xcfilelist",
			);
			runOnlyForDeploymentPostprocessing = 0;
			shellPath = /bin/sh;
			shellScript = "\"${PODS_ROOT}/Target Support Files/Pods-Siniar/Pods-Siniar-frameworks.sh\"\n";
			showEnvVarsInLog = 0;
		};
		618A52EA656EBB73BB886566 /* [CP] Check Pods Manifest.lock */ = {
			isa = PBXShellScriptBuildPhase;
			buildActionMask = 2147483647;
			files = (
			);
			inputFileListPaths = (
			);
			inputPaths = (
				"${PODS_PODFILE_DIR_PATH}/Podfile.lock",
				"${PODS_ROOT}/Manifest.lock",
			);
			name = "[CP] Check Pods Manifest.lock";
			outputFileListPaths = (
			);
			outputPaths = (
				"$(DERIVED_FILE_DIR)/Pods-Siniar-SiniarUITests-checkManifestLockResult.txt",
			);
			runOnlyForDeploymentPostprocessing = 0;
			shellPath = /bin/sh;
			shellScript = "diff \"${PODS_PODFILE_DIR_PATH}/Podfile.lock\" \"${PODS_ROOT}/Manifest.lock\" > /dev/null\nif [ $? != 0 ] ; then\n    # print error to STDERR\n    echo \"error: The sandbox is not in sync with the Podfile.lock. Run 'pod install' or update your CocoaPods installation.\" >&2\n    exit 1\nfi\n# This output is used by Xcode 'outputs' to avoid re-running this script phase.\necho \"SUCCESS\" > \"${SCRIPT_OUTPUT_FILE_0}\"\n";
			showEnvVarsInLog = 0;
		};
		7F03C0074948557808E475BB /* [CP] Check Pods Manifest.lock */ = {
			isa = PBXShellScriptBuildPhase;
			buildActionMask = 2147483647;
			files = (
			);
			inputFileListPaths = (
			);
			inputPaths = (
				"${PODS_PODFILE_DIR_PATH}/Podfile.lock",
				"${PODS_ROOT}/Manifest.lock",
			);
			name = "[CP] Check Pods Manifest.lock";
			outputFileListPaths = (
			);
			outputPaths = (
				"$(DERIVED_FILE_DIR)/Pods-Siniar-checkManifestLockResult.txt",
			);
			runOnlyForDeploymentPostprocessing = 0;
			shellPath = /bin/sh;
			shellScript = "diff \"${PODS_PODFILE_DIR_PATH}/Podfile.lock\" \"${PODS_ROOT}/Manifest.lock\" > /dev/null\nif [ $? != 0 ] ; then\n    # print error to STDERR\n    echo \"error: The sandbox is not in sync with the Podfile.lock. Run 'pod install' or update your CocoaPods installation.\" >&2\n    exit 1\nfi\n# This output is used by Xcode 'outputs' to avoid re-running this script phase.\necho \"SUCCESS\" > \"${SCRIPT_OUTPUT_FILE_0}\"\n";
			showEnvVarsInLog = 0;
		};
		AAE47D57B3B5ED15F07F38FA /* [CP] Embed Pods Frameworks */ = {
			isa = PBXShellScriptBuildPhase;
			buildActionMask = 2147483647;
			files = (
			);
			inputFileListPaths = (
				"${PODS_ROOT}/Target Support Files/Pods-Siniar-SiniarUITests/Pods-Siniar-SiniarUITests-frameworks-${CONFIGURATION}-input-files.xcfilelist",
			);
			name = "[CP] Embed Pods Frameworks";
			outputFileListPaths = (
				"${PODS_ROOT}/Target Support Files/Pods-Siniar-SiniarUITests/Pods-Siniar-SiniarUITests-frameworks-${CONFIGURATION}-output-files.xcfilelist",
			);
			runOnlyForDeploymentPostprocessing = 0;
			shellPath = /bin/sh;
			shellScript = "\"${PODS_ROOT}/Target Support Files/Pods-Siniar-SiniarUITests/Pods-Siniar-SiniarUITests-frameworks.sh\"\n";
			showEnvVarsInLog = 0;
		};
/* End PBXShellScriptBuildPhase section */

/* Begin PBXSourcesBuildPhase section */
		F46768B629D600DC0034F6F3 /* Sources */ = {
			isa = PBXSourcesBuildPhase;
			buildActionMask = 2147483647;
			files = (
				F4D0946F29D9E89B0081B683 /* SearchResponse.swift in Sources */,
				F43AED7529D764250028DCC8 /* AlbumsViewCell.swift in Sources */,
				F46768FA29D60B830034F6F3 /* PrimaryButton.swift in Sources */,
				F46768C829D600DC0034F6F3 /* Siniar.xcdatamodeld in Sources */,
				F43AED7329D75D000028DCC8 /* AccountViewController.swift in Sources */,
				F43AED6C29D75C980028DCC8 /* HomeViewController.swift in Sources */,
				F4D0946B29D9E3730081B683 /* Api.swift in Sources */,
				F46768F729D609240034F6F3 /* ColorExtensions.swift in Sources */,
				F46768F429D6025C0034F6F3 /* FtuxViewController.swift in Sources */,
				F46768FC29D60D050034F6F3 /* SmallPrimaryButton.swift in Sources */,
				F43AED7029D75CD30028DCC8 /* SearchViewController.swift in Sources */,
				F4C2B4C729DC9FAD0064736A /* PodcastViewController.swift in Sources */,
				F46768BE29D600DC0034F6F3 /* AppDelegate.swift in Sources */,
				F457E8E129D809C200521EBC /* MusicViewCell.swift in Sources */,
				F46768C029D600DC0034F6F3 /* SceneDelegate.swift in Sources */,
				F4D0947129D9E8E90081B683 /* Podcast.swift in Sources */,
				F43AED6629D758B40028DCC8 /* Ftux.swift in Sources */,
				F46768FE29D6144A0034F6F3 /* FtuxViewCell.swift in Sources */,
				F4C2B4C929DCA47A0064736A /* PodcastDetailViewCell.swift in Sources */,
				F4D0946D29D9E5EC0081B683 /* ApiProvider.swift in Sources */,
				F43AED6929D75A870028DCC8 /* MainViewController.swift in Sources */,
				F4D0947529D9F36A0081B683 /* ErrorResponse.swift in Sources */,
				F4C2B4CF29DCB95A0064736A /* DoubleExtensions.swift in Sources */,
				F4C2B4CB29DCADD90064736A /* EpisodeViewCell.swift in Sources */,
				F4C2B4D129DCBA3E0064736A /* StringExtensions.swift in Sources */,
				F4D0947329D9F21A0081B683 /* MoyaExtensions.swift in Sources */,
				F43AED7729D766460028DCC8 /* AlbumViewCell.swift in Sources */,
				F4C2B4CD29DCB83D0064736A /* DateExtensions.swift in Sources */,
			);
			runOnlyForDeploymentPostprocessing = 0;
		};
		F46768CF29D600DF0034F6F3 /* Sources */ = {
			isa = PBXSourcesBuildPhase;
			buildActionMask = 2147483647;
			files = (
				F46768D829D600DF0034F6F3 /* SiniarTests.swift in Sources */,
			);
			runOnlyForDeploymentPostprocessing = 0;
		};
		F46768D929D600DF0034F6F3 /* Sources */ = {
			isa = PBXSourcesBuildPhase;
			buildActionMask = 2147483647;
			files = (
				F46768E429D600DF0034F6F3 /* SiniarUITestsLaunchTests.swift in Sources */,
				F46768E229D600DF0034F6F3 /* SiniarUITests.swift in Sources */,
			);
			runOnlyForDeploymentPostprocessing = 0;
		};
/* End PBXSourcesBuildPhase section */

/* Begin PBXTargetDependency section */
		F46768D529D600DF0034F6F3 /* PBXTargetDependency */ = {
			isa = PBXTargetDependency;
			target = F46768B929D600DC0034F6F3 /* Siniar */;
			targetProxy = F46768D429D600DF0034F6F3 /* PBXContainerItemProxy */;
		};
		F46768DF29D600DF0034F6F3 /* PBXTargetDependency */ = {
			isa = PBXTargetDependency;
			target = F46768B929D600DC0034F6F3 /* Siniar */;
			targetProxy = F46768DE29D600DF0034F6F3 /* PBXContainerItemProxy */;
		};
/* End PBXTargetDependency section */

/* Begin PBXVariantGroup section */
		F46768CB29D600DF0034F6F3 /* LaunchScreen.storyboard */ = {
			isa = PBXVariantGroup;
			children = (
				F46768CC29D600DF0034F6F3 /* Base */,
			);
			name = LaunchScreen.storyboard;
			sourceTree = "<group>";
		};
/* End PBXVariantGroup section */

/* Begin XCBuildConfiguration section */
		F46768E529D600DF0034F6F3 /* Debug */ = {
			isa = XCBuildConfiguration;
			buildSettings = {
				ALWAYS_SEARCH_USER_PATHS = NO;
				CLANG_ANALYZER_NONNULL = YES;
				CLANG_ANALYZER_NUMBER_OBJECT_CONVERSION = YES_AGGRESSIVE;
				CLANG_CXX_LANGUAGE_STANDARD = "gnu++20";
				CLANG_ENABLE_MODULES = YES;
				CLANG_ENABLE_OBJC_ARC = YES;
				CLANG_ENABLE_OBJC_WEAK = YES;
				CLANG_WARN_BLOCK_CAPTURE_AUTORELEASING = YES;
				CLANG_WARN_BOOL_CONVERSION = YES;
				CLANG_WARN_COMMA = YES;
				CLANG_WARN_CONSTANT_CONVERSION = YES;
				CLANG_WARN_DEPRECATED_OBJC_IMPLEMENTATIONS = YES;
				CLANG_WARN_DIRECT_OBJC_ISA_USAGE = YES_ERROR;
				CLANG_WARN_DOCUMENTATION_COMMENTS = YES;
				CLANG_WARN_EMPTY_BODY = YES;
				CLANG_WARN_ENUM_CONVERSION = YES;
				CLANG_WARN_INFINITE_RECURSION = YES;
				CLANG_WARN_INT_CONVERSION = YES;
				CLANG_WARN_NON_LITERAL_NULL_CONVERSION = YES;
				CLANG_WARN_OBJC_IMPLICIT_RETAIN_SELF = YES;
				CLANG_WARN_OBJC_LITERAL_CONVERSION = YES;
				CLANG_WARN_OBJC_ROOT_CLASS = YES_ERROR;
				CLANG_WARN_QUOTED_INCLUDE_IN_FRAMEWORK_HEADER = YES;
				CLANG_WARN_RANGE_LOOP_ANALYSIS = YES;
				CLANG_WARN_STRICT_PROTOTYPES = YES;
				CLANG_WARN_SUSPICIOUS_MOVE = YES;
				CLANG_WARN_UNGUARDED_AVAILABILITY = YES_AGGRESSIVE;
				CLANG_WARN_UNREACHABLE_CODE = YES;
				CLANG_WARN__DUPLICATE_METHOD_MATCH = YES;
				COPY_PHASE_STRIP = NO;
				DEBUG_INFORMATION_FORMAT = dwarf;
				ENABLE_STRICT_OBJC_MSGSEND = YES;
				ENABLE_TESTABILITY = YES;
				GCC_C_LANGUAGE_STANDARD = gnu11;
				GCC_DYNAMIC_NO_PIC = NO;
				GCC_NO_COMMON_BLOCKS = YES;
				GCC_OPTIMIZATION_LEVEL = 0;
				GCC_PREPROCESSOR_DEFINITIONS = (
					"DEBUG=1",
					"$(inherited)",
				);
				GCC_WARN_64_TO_32_BIT_CONVERSION = YES;
				GCC_WARN_ABOUT_RETURN_TYPE = YES_ERROR;
				GCC_WARN_UNDECLARED_SELECTOR = YES;
				GCC_WARN_UNINITIALIZED_AUTOS = YES_AGGRESSIVE;
				GCC_WARN_UNUSED_FUNCTION = YES;
				GCC_WARN_UNUSED_VARIABLE = YES;
				IPHONEOS_DEPLOYMENT_TARGET = 16.2;
				MTL_ENABLE_DEBUG_INFO = INCLUDE_SOURCE;
				MTL_FAST_MATH = YES;
				ONLY_ACTIVE_ARCH = YES;
				SDKROOT = iphoneos;
				SWIFT_ACTIVE_COMPILATION_CONDITIONS = DEBUG;
				SWIFT_OPTIMIZATION_LEVEL = "-Onone";
			};
			name = Debug;
		};
		F46768E629D600DF0034F6F3 /* Release */ = {
			isa = XCBuildConfiguration;
			buildSettings = {
				ALWAYS_SEARCH_USER_PATHS = NO;
				CLANG_ANALYZER_NONNULL = YES;
				CLANG_ANALYZER_NUMBER_OBJECT_CONVERSION = YES_AGGRESSIVE;
				CLANG_CXX_LANGUAGE_STANDARD = "gnu++20";
				CLANG_ENABLE_MODULES = YES;
				CLANG_ENABLE_OBJC_ARC = YES;
				CLANG_ENABLE_OBJC_WEAK = YES;
				CLANG_WARN_BLOCK_CAPTURE_AUTORELEASING = YES;
				CLANG_WARN_BOOL_CONVERSION = YES;
				CLANG_WARN_COMMA = YES;
				CLANG_WARN_CONSTANT_CONVERSION = YES;
				CLANG_WARN_DEPRECATED_OBJC_IMPLEMENTATIONS = YES;
				CLANG_WARN_DIRECT_OBJC_ISA_USAGE = YES_ERROR;
				CLANG_WARN_DOCUMENTATION_COMMENTS = YES;
				CLANG_WARN_EMPTY_BODY = YES;
				CLANG_WARN_ENUM_CONVERSION = YES;
				CLANG_WARN_INFINITE_RECURSION = YES;
				CLANG_WARN_INT_CONVERSION = YES;
				CLANG_WARN_NON_LITERAL_NULL_CONVERSION = YES;
				CLANG_WARN_OBJC_IMPLICIT_RETAIN_SELF = YES;
				CLANG_WARN_OBJC_LITERAL_CONVERSION = YES;
				CLANG_WARN_OBJC_ROOT_CLASS = YES_ERROR;
				CLANG_WARN_QUOTED_INCLUDE_IN_FRAMEWORK_HEADER = YES;
				CLANG_WARN_RANGE_LOOP_ANALYSIS = YES;
				CLANG_WARN_STRICT_PROTOTYPES = YES;
				CLANG_WARN_SUSPICIOUS_MOVE = YES;
				CLANG_WARN_UNGUARDED_AVAILABILITY = YES_AGGRESSIVE;
				CLANG_WARN_UNREACHABLE_CODE = YES;
				CLANG_WARN__DUPLICATE_METHOD_MATCH = YES;
				COPY_PHASE_STRIP = NO;
				DEBUG_INFORMATION_FORMAT = "dwarf-with-dsym";
				ENABLE_NS_ASSERTIONS = NO;
				ENABLE_STRICT_OBJC_MSGSEND = YES;
				GCC_C_LANGUAGE_STANDARD = gnu11;
				GCC_NO_COMMON_BLOCKS = YES;
				GCC_WARN_64_TO_32_BIT_CONVERSION = YES;
				GCC_WARN_ABOUT_RETURN_TYPE = YES_ERROR;
				GCC_WARN_UNDECLARED_SELECTOR = YES;
				GCC_WARN_UNINITIALIZED_AUTOS = YES_AGGRESSIVE;
				GCC_WARN_UNUSED_FUNCTION = YES;
				GCC_WARN_UNUSED_VARIABLE = YES;
				IPHONEOS_DEPLOYMENT_TARGET = 16.2;
				MTL_ENABLE_DEBUG_INFO = NO;
				MTL_FAST_MATH = YES;
				SDKROOT = iphoneos;
				SWIFT_COMPILATION_MODE = wholemodule;
				SWIFT_OPTIMIZATION_LEVEL = "-O";
				VALIDATE_PRODUCT = YES;
			};
			name = Release;
		};
		F46768E829D600DF0034F6F3 /* Debug */ = {
			isa = XCBuildConfiguration;
			baseConfigurationReference = 4688606D8545CB91DE18198F /* Pods-Siniar.debug.xcconfig */;
			buildSettings = {
				ASSETCATALOG_COMPILER_APPICON_NAME = AppIcon;
				ASSETCATALOG_COMPILER_GLOBAL_ACCENT_COLOR_NAME = AccentColor;
				CODE_SIGN_STYLE = Automatic;
				CURRENT_PROJECT_VERSION = 1;
				DEVELOPMENT_TEAM = UM5JNC6JYW;
				GENERATE_INFOPLIST_FILE = YES;
				INFOPLIST_FILE = Siniar/Info.plist;
				INFOPLIST_KEY_LSApplicationCategoryType = "public.app-category.education";
				INFOPLIST_KEY_UIApplicationSupportsIndirectInputEvents = YES;
				INFOPLIST_KEY_UILaunchStoryboardName = LaunchScreen.storyboard;
				INFOPLIST_KEY_UISupportedInterfaceOrientations = UIInterfaceOrientationPortrait;
				INFOPLIST_KEY_UISupportedInterfaceOrientations_iPad = "UIInterfaceOrientationLandscapeLeft UIInterfaceOrientationLandscapeRight UIInterfaceOrientationPortrait UIInterfaceOrientationPortraitUpsideDown";
				IPHONEOS_DEPLOYMENT_TARGET = 13.3;
				LD_RUNPATH_SEARCH_PATHS = (
					"$(inherited)",
					"@executable_path/Frameworks",
				);
				MARKETING_VERSION = 1.0;
				PRODUCT_BUNDLE_IDENTIFIER = com.music.Siniar;
				PRODUCT_NAME = "$(TARGET_NAME)";
				SUPPORTED_PLATFORMS = "iphoneos iphonesimulator";
				SUPPORTS_MACCATALYST = NO;
				SUPPORTS_MAC_DESIGNED_FOR_IPHONE_IPAD = NO;
				SWIFT_EMIT_LOC_STRINGS = YES;
				SWIFT_VERSION = 5.0;
				TARGETED_DEVICE_FAMILY = 1;
			};
			name = Debug;
		};
		F46768E929D600DF0034F6F3 /* Release */ = {
			isa = XCBuildConfiguration;
			baseConfigurationReference = 9AC37CA5E1C27DCAA3CA756E /* Pods-Siniar.release.xcconfig */;
			buildSettings = {
				ASSETCATALOG_COMPILER_APPICON_NAME = AppIcon;
				ASSETCATALOG_COMPILER_GLOBAL_ACCENT_COLOR_NAME = AccentColor;
				CODE_SIGN_STYLE = Automatic;
				CURRENT_PROJECT_VERSION = 1;
				DEVELOPMENT_TEAM = UM5JNC6JYW;
				GENERATE_INFOPLIST_FILE = YES;
				INFOPLIST_FILE = Siniar/Info.plist;
				INFOPLIST_KEY_LSApplicationCategoryType = "public.app-category.education";
				INFOPLIST_KEY_UIApplicationSupportsIndirectInputEvents = YES;
				INFOPLIST_KEY_UILaunchStoryboardName = LaunchScreen.storyboard;
				INFOPLIST_KEY_UISupportedInterfaceOrientations = UIInterfaceOrientationPortrait;
				INFOPLIST_KEY_UISupportedInterfaceOrientations_iPad = "UIInterfaceOrientationLandscapeLeft UIInterfaceOrientationLandscapeRight UIInterfaceOrientationPortrait UIInterfaceOrientationPortraitUpsideDown";
				IPHONEOS_DEPLOYMENT_TARGET = 13.3;
				LD_RUNPATH_SEARCH_PATHS = (
					"$(inherited)",
					"@executable_path/Frameworks",
				);
				MARKETING_VERSION = 1.0;
				PRODUCT_BUNDLE_IDENTIFIER = com.music.Siniar;
				PRODUCT_NAME = "$(TARGET_NAME)";
				SUPPORTED_PLATFORMS = "iphoneos iphonesimulator";
				SUPPORTS_MACCATALYST = NO;
				SUPPORTS_MAC_DESIGNED_FOR_IPHONE_IPAD = NO;
				SWIFT_EMIT_LOC_STRINGS = YES;
				SWIFT_VERSION = 5.0;
				TARGETED_DEVICE_FAMILY = 1;
			};
			name = Release;
		};
		F46768EB29D600DF0034F6F3 /* Debug */ = {
			isa = XCBuildConfiguration;
			baseConfigurationReference = AC0FE2987CA65FF6A4760CEA /* Pods-SiniarTests.debug.xcconfig */;
			buildSettings = {
				ALWAYS_EMBED_SWIFT_STANDARD_LIBRARIES = YES;
				BUNDLE_LOADER = "$(TEST_HOST)";
				CODE_SIGN_STYLE = Automatic;
				CURRENT_PROJECT_VERSION = 1;
				DEVELOPMENT_TEAM = UM5JNC6JYW;
				GENERATE_INFOPLIST_FILE = YES;
				IPHONEOS_DEPLOYMENT_TARGET = 16.2;
				MARKETING_VERSION = 1.0;
				PRODUCT_BUNDLE_IDENTIFIER = com.music.SiniarTests;
				PRODUCT_NAME = "$(TARGET_NAME)";
				SWIFT_EMIT_LOC_STRINGS = NO;
				SWIFT_VERSION = 5.0;
				TARGETED_DEVICE_FAMILY = "1,2";
				TEST_HOST = "$(BUILT_PRODUCTS_DIR)/Siniar.app/$(BUNDLE_EXECUTABLE_FOLDER_PATH)/Siniar";
			};
			name = Debug;
		};
		F46768EC29D600DF0034F6F3 /* Release */ = {
			isa = XCBuildConfiguration;
			baseConfigurationReference = 2F8FBF4AE7352CD9A6FF1F41 /* Pods-SiniarTests.release.xcconfig */;
			buildSettings = {
				ALWAYS_EMBED_SWIFT_STANDARD_LIBRARIES = YES;
				BUNDLE_LOADER = "$(TEST_HOST)";
				CODE_SIGN_STYLE = Automatic;
				CURRENT_PROJECT_VERSION = 1;
				DEVELOPMENT_TEAM = UM5JNC6JYW;
				GENERATE_INFOPLIST_FILE = YES;
				IPHONEOS_DEPLOYMENT_TARGET = 16.2;
				MARKETING_VERSION = 1.0;
				PRODUCT_BUNDLE_IDENTIFIER = com.music.SiniarTests;
				PRODUCT_NAME = "$(TARGET_NAME)";
				SWIFT_EMIT_LOC_STRINGS = NO;
				SWIFT_VERSION = 5.0;
				TARGETED_DEVICE_FAMILY = "1,2";
				TEST_HOST = "$(BUILT_PRODUCTS_DIR)/Siniar.app/$(BUNDLE_EXECUTABLE_FOLDER_PATH)/Siniar";
			};
			name = Release;
		};
		F46768EE29D600DF0034F6F3 /* Debug */ = {
			isa = XCBuildConfiguration;
			baseConfigurationReference = B6F892BE4ACB21DFACE548B5 /* Pods-Siniar-SiniarUITests.debug.xcconfig */;
			buildSettings = {
				ALWAYS_EMBED_SWIFT_STANDARD_LIBRARIES = YES;
				CODE_SIGN_STYLE = Automatic;
				CURRENT_PROJECT_VERSION = 1;
				DEVELOPMENT_TEAM = UM5JNC6JYW;
				GENERATE_INFOPLIST_FILE = YES;
				MARKETING_VERSION = 1.0;
				PRODUCT_BUNDLE_IDENTIFIER = com.music.SiniarUITests;
				PRODUCT_NAME = "$(TARGET_NAME)";
				SWIFT_EMIT_LOC_STRINGS = NO;
				SWIFT_VERSION = 5.0;
				TARGETED_DEVICE_FAMILY = "1,2";
				TEST_TARGET_NAME = Siniar;
			};
			name = Debug;
		};
		F46768EF29D600DF0034F6F3 /* Release */ = {
			isa = XCBuildConfiguration;
			baseConfigurationReference = F830483B42F430908E81E6EE /* Pods-Siniar-SiniarUITests.release.xcconfig */;
			buildSettings = {
				ALWAYS_EMBED_SWIFT_STANDARD_LIBRARIES = YES;
				CODE_SIGN_STYLE = Automatic;
				CURRENT_PROJECT_VERSION = 1;
				DEVELOPMENT_TEAM = UM5JNC6JYW;
				GENERATE_INFOPLIST_FILE = YES;
				MARKETING_VERSION = 1.0;
				PRODUCT_BUNDLE_IDENTIFIER = com.music.SiniarUITests;
				PRODUCT_NAME = "$(TARGET_NAME)";
				SWIFT_EMIT_LOC_STRINGS = NO;
				SWIFT_VERSION = 5.0;
				TARGETED_DEVICE_FAMILY = "1,2";
				TEST_TARGET_NAME = Siniar;
			};
			name = Release;
		};
/* End XCBuildConfiguration section */

/* Begin XCConfigurationList section */
		F46768B529D600DC0034F6F3 /* Build configuration list for PBXProject "Siniar" */ = {
			isa = XCConfigurationList;
			buildConfigurations = (
				F46768E529D600DF0034F6F3 /* Debug */,
				F46768E629D600DF0034F6F3 /* Release */,
			);
			defaultConfigurationIsVisible = 0;
			defaultConfigurationName = Release;
		};
		F46768E729D600DF0034F6F3 /* Build configuration list for PBXNativeTarget "Siniar" */ = {
			isa = XCConfigurationList;
			buildConfigurations = (
				F46768E829D600DF0034F6F3 /* Debug */,
				F46768E929D600DF0034F6F3 /* Release */,
			);
			defaultConfigurationIsVisible = 0;
			defaultConfigurationName = Release;
		};
		F46768EA29D600DF0034F6F3 /* Build configuration list for PBXNativeTarget "SiniarTests" */ = {
			isa = XCConfigurationList;
			buildConfigurations = (
				F46768EB29D600DF0034F6F3 /* Debug */,
				F46768EC29D600DF0034F6F3 /* Release */,
			);
			defaultConfigurationIsVisible = 0;
			defaultConfigurationName = Release;
		};
		F46768ED29D600DF0034F6F3 /* Build configuration list for PBXNativeTarget "SiniarUITests" */ = {
			isa = XCConfigurationList;
			buildConfigurations = (
				F46768EE29D600DF0034F6F3 /* Debug */,
				F46768EF29D600DF0034F6F3 /* Release */,
			);
			defaultConfigurationIsVisible = 0;
			defaultConfigurationName = Release;
		};
/* End XCConfigurationList section */

/* Begin XCVersionGroup section */
		F46768C629D600DC0034F6F3 /* Siniar.xcdatamodeld */ = {
			isa = XCVersionGroup;
			children = (
				F46768C729D600DC0034F6F3 /* Siniar.xcdatamodel */,
			);
			currentVersion = F46768C729D600DC0034F6F3 /* Siniar.xcdatamodel */;
			path = Siniar.xcdatamodeld;
			sourceTree = "<group>";
			versionGroupType = wrapper.xcdatamodel;
		};
/* End XCVersionGroup section */
	};
	rootObject = F46768B229D600DB0034F6F3 /* Project object */;
}
